
Microsoft Visual Studio Solution File, Format Version 12.00
# Visual Studio Version 18
VisualStudioVersion = 18.2.11415.280 d18.0
MinimumVisualStudioVersion = 10.0.40219.1
Project("{FAE04EC0-301F-11D3-BF4B-00C04F79EFBC}") = "GD", "GD.csproj", "{5AF0127B-1CCF-B7FB-9AFE-380D77EBAF07}"
EndProject
Global
	GlobalSection(SolutionConfigurationPlatforms) = preSolution
		Debug|Any CPU = Debug|Any CPU
		Release|Any CPU = Release|Any CPU
	EndGlobalSection
	GlobalSection(ProjectConfigurationPlatforms) = postSolution
		{5AF0127B-1CCF-B7FB-9AFE-380D77EBAF07}.Debug|Any CPU.ActiveCfg = Debug|Any CPU
		{5AF0127B-1CCF-B7FB-9AFE-380D77EBAF07}.Debug|Any CPU.Build.0 = Debug|Any CPU
		{5AF0127B-1CCF-B7FB-9AFE-380D77EBAF07}.Release|Any CPU.ActiveCfg = Release|Any CPU
		{5AF0127B-1CCF-B7FB-9AFE-380D77EBAF07}.Release|Any CPU.Build.0 = Release|Any CPU
	EndGlobalSection
	GlobalSection(SolutionProperties) = preSolution
		HideSolutionNode = FALSE
	EndGlobalSection
	GlobalSection(ExtensibilityGlobals) = postSolution
		SolutionGuid = {FAF9B80A-E1D0-40AD-8DA6-9E6E79AF40C4}
	EndGlobalSection
EndGlobal
